github.com/mq-gabs/kmdx v0.0.2 h1:NepIrzokk/88ZIGiodCgNvjeCQ+EXJgIjwg1A+SkiNQ=
github.com/mq-gabs/kmdx v0.0.2/go.mod h1:I5MjWyzdipG+Rh1k7mE3nrCrZOEdvnRMVVg8gACP9fs=
gopkg.in/yaml.v3 v3.0.1 h1:fxVm/GzAzEWqLHuvctI91KS9hhNmmWOoWu0XTYJS7CA=
gopkg.in/yaml.v3 v3.0.1/go.mod h1:K4uyk7z7BCEPqu6E+C64Yfv1cQ7kz7rIZviUmN+EgEM=
